// !$*UTF8*$!
{
	archiveVersion = 1;
	classes = {
	};
	objectVersion = 50;
	objects = {

/* Begin PBXBuildFile section */
		8E78AD8475A81949762F042E /* Pods_LocalizableStringGen.framework in Frameworks */ = {isa = PBXBuildFile; fileRef = AF9B17955390079A7CA85F77 /* Pods_LocalizableStringGen.framework */; };
		A59DDD5021AA41FF005F1EAF /* YFLovslTSVConvertConfig.m in Sources */ = {isa = PBXBuildFile; fileRef = A59DDD4F21AA41FF005F1EAF /* YFLovslTSVConvertConfig.m */; };
		A59DDD5321AA420F005F1EAF /* YFLocalTSVConvertHelper.m in Sources */ = {isa = PBXBuildFile; fileRef = A59DDD5221AA420F005F1EAF /* YFLocalTSVConvertHelper.m */; };
		B8B7664721A7A44E000E6ABA /* AppDelegate.m in Sources */ = {isa = PBXBuildFile; fileRef = B8B7664621A7A44E000E6ABA /* AppDelegate.m */; };
		B8B7664A21A7A44E000E6ABA /* ViewController.m in Sources */ = {isa = PBXBuildFile; fileRef = B8B7664921A7A44E000E6ABA /* ViewController.m */; };
		B8B7664D21A7A44E000E6ABA /* Main.storyboard in Resources */ = {isa = PBXBuildFile; fileRef = B8B7664B21A7A44E000E6ABA /* Main.storyboard */; };
		B8B7664F21A7A44F000E6ABA /* Assets.xcassets in Resources */ = {isa = PBXBuildFile; fileRef = B8B7664E21A7A44F000E6ABA /* Assets.xcassets */; };
		B8B7665221A7A44F000E6ABA /* LaunchScreen.storyboard in Resources */ = {isa = PBXBuildFile; fileRef = B8B7665021A7A44F000E6ABA /* LaunchScreen.storyboard */; };
		B8B7665521A7A44F000E6ABA /* main.m in Sources */ = {isa = PBXBuildFile; fileRef = B8B7665421A7A44F000E6ABA /* main.m */; };
		B8B7666021A7A614000E6ABA /* YFLocalizeUtil.m in Sources */ = {isa = PBXBuildFile; fileRef = B8B7665F21A7A614000E6ABA /* YFLocalizeUtil.m */; };
		B8B7666321A7A622000E6ABA /* YFLocalizeConfig.m in Sources */ = {isa = PBXBuildFile; fileRef = B8B7666221A7A622000E6ABA /* YFLocalizeConfig.m */; };
		B8B7666721A7F701000E6ABA /* YFLocalizedHelper.m in Sources */ = {isa = PBXBuildFile; fileRef = B8B7666621A7F701000E6ABA /* YFLocalizedHelper.m */; };
		B8B7666A21A82509000E6ABA /* YFUtil.m in Sources */ = {isa = PBXBuildFile; fileRef = B8B7666821A82509000E6ABA /* YFUtil.m */; };
		B8B7667121A92CFD000E6ABA /* YFLocalGroupConfig.m in Sources */ = {isa = PBXBuildFile; fileRef = B8B7667021A92CFD000E6ABA /* YFLocalGroupConfig.m */; };
		B8B7667421A92D0D000E6ABA /* YFLocalGroupHelper.m in Sources */ = {isa = PBXBuildFile; fileRef = B8B7667321A92D0D000E6ABA /* YFLocalGroupHelper.m */; };
		B8B7667921A947E4000E6ABA /* YFLocalGroup2Config.m in Sources */ = {isa = PBXBuildFile; fileRef = B8B7667821A947E4000E6ABA /* YFLocalGroup2Config.m */; };
		B8B7667C21A947F0000E6ABA /* YFLocalGroup2Helper.m in Sources */ = {isa = PBXBuildFile; fileRef = B8B7667B21A947F0000E6ABA /* YFLocalGroup2Helper.m */; };
		B8B7667E21A94F58000E6ABA /* pathNmoduleMap.plist in Resources */ = {isa = PBXBuildFile; fileRef = B8B7667D21A94F58000E6ABA /* pathNmoduleMap.plist */; };
		B8B7668121A9981D000E6ABA /* YFLocalCSVConvetConfig.m in Sources */ = {isa = PBXBuildFile; fileRef = B8B7668021A9981D000E6ABA /* YFLocalCSVConvetConfig.m */; };
		B8B7668421A9982D000E6ABA /* YFLocalCSVConvertHelper.m in Sources */ = {isa = PBXBuildFile; fileRef = B8B7668321A9982D000E6ABA /* YFLocalCSVConvertHelper.m */; };
/* End PBXBuildFile section */

/* Begin PBXFileReference section */
		A59DDD4E21AA41FF005F1EAF /* YFLovslTSVConvertConfig.h */ = {isa = PBXFileReference; lastKnownFileType = sourcecode.c.h; path = YFLovslTSVConvertConfig.h; sourceTree = "<group>"; };
		A59DDD4F21AA41FF005F1EAF /* YFLovslTSVConvertConfig.m */ = {isa = PBXFileReference; lastKnownFileType = sourcecode.c.objc; path = YFLovslTSVConvertConfig.m; sourceTree = "<group>"; };
		A59DDD5121AA420F005F1EAF /* YFLocalTSVConvertHelper.h */ = {isa = PBXFileReference; lastKnownFileType = sourcecode.c.h; path = YFLocalTSVConvertHelper.h; sourceTree = "<group>"; };
		A59DDD5221AA420F005F1EAF /* YFLocalTSVConvertHelper.m */ = {isa = PBXFileReference; lastKnownFileType = sourcecode.c.objc; path = YFLocalTSVConvertHelper.m; sourceTree = "<group>"; };
		AF9B17955390079A7CA85F77 /* Pods_LocalizableStringGen.framework */ = {isa = PBXFileReference; explicitFileType = wrapper.framework; includeInIndex = 0; path = Pods_LocalizableStringGen.framework; sourceTree = BUILT_PRODUCTS_DIR; };
		B8B7664221A7A44E000E6ABA /* LocalizableStringGen.app */ = {isa = PBXFileReference; explicitFileType = wrapper.application; includeInIndex = 0; path = LocalizableStringGen.app; sourceTree = BUILT_PRODUCTS_DIR; };
		B8B7664521A7A44E000E6ABA /* AppDelegate.h */ = {isa = PBXFileReference; lastKnownFileType = sourcecode.c.h; path = AppDelegate.h; sourceTree = "<group>"; };
		B8B7664621A7A44E000E6ABA /* AppDelegate.m */ = {isa = PBXFileReference; lastKnownFileType = sourcecode.c.objc; path = AppDelegate.m; sourceTree = "<group>"; };
		B8B7664821A7A44E000E6ABA /* ViewController.h */ = {isa = PBXFileReference; lastKnownFileType = sourcecode.c.h; path = ViewController.h; sourceTree = "<group>"; };
		B8B7664921A7A44E000E6ABA /* ViewController.m */ = {isa = PBXFileReference; lastKnownFileType = sourcecode.c.objc; path = ViewController.m; sourceTree = "<group>"; };
		B8B7664C21A7A44E000E6ABA /* Base */ = {isa = PBXFileReference; lastKnownFileType = file.storyboard; name = Base; path = Base.lproj/Main.storyboard; sourceTree = "<group>"; };
		B8B7664E21A7A44F000E6ABA /* Assets.xcassets */ = {isa = PBXFileReference; lastKnownFileType = folder.assetcatalog; path = Assets.xcassets; sourceTree = "<group>"; };
		B8B7665121A7A44F000E6ABA /* Base */ = {isa = PBXFileReference; lastKnownFileType = file.storyboard; name = Base; path = Base.lproj/LaunchScreen.storyboard; sourceTree = "<group>"; };
		B8B7665321A7A44F000E6ABA /* Info.plist */ = {isa = PBXFileReference; lastKnownFileType = text.plist.xml; path = Info.plist; sourceTree = "<group>"; };
		B8B7665421A7A44F000E6ABA /* main.m */ = {isa = PBXFileReference; lastKnownFileType = sourcecode.c.objc; path = main.m; sourceTree = "<group>"; };
		B8B7665E21A7A614000E6ABA /* YFLocalizeUtil.h */ = {isa = PBXFileReference; lastKnownFileType = sourcecode.c.h; path = YFLocalizeUtil.h; sourceTree = "<group>"; };
		B8B7665F21A7A614000E6ABA /* YFLocalizeUtil.m */ = {isa = PBXFileReference; lastKnownFileType = sourcecode.c.objc; path = YFLocalizeUtil.m; sourceTree = "<group>"; };
		B8B7666121A7A622000E6ABA /* YFLocalizeConfig.h */ = {isa = PBXFileReference; lastKnownFileType = sourcecode.c.h; path = YFLocalizeConfig.h; sourceTree = "<group>"; };
		B8B7666221A7A622000E6ABA /* YFLocalizeConfig.m */ = {isa = PBXFileReference; lastKnownFileType = sourcecode.c.objc; path = YFLocalizeConfig.m; sourceTree = "<group>"; };
		B8B7666421A7A7A5000E6ABA /* PrefixHeader.pch */ = {isa = PBXFileReference; fileEncoding = 4; lastKnownFileType = sourcecode.c.h; path = PrefixHeader.pch; sourceTree = "<group>"; };
		B8B7666521A7F701000E6ABA /* YFLocalizedHelper.h */ = {isa = PBXFileReference; lastKnownFileType = sourcecode.c.h; path = YFLocalizedHelper.h; sourceTree = "<group>"; };
		B8B7666621A7F701000E6ABA /* YFLocalizedHelper.m */ = {isa = PBXFileReference; lastKnownFileType = sourcecode.c.objc; path = YFLocalizedHelper.m; sourceTree = "<group>"; };
		B8B7666821A82509000E6ABA /* YFUtil.m */ = {isa = PBXFileReference; fileEncoding = 4; lastKnownFileType = sourcecode.c.objc; path = YFUtil.m; sourceTree = "<group>"; };
		B8B7666921A82509000E6ABA /* YFUtil.h */ = {isa = PBXFileReference; fileEncoding = 4; lastKnownFileType = sourcecode.c.h; path = YFUtil.h; sourceTree = "<group>"; };
		B8B7666F21A92CFD000E6ABA /* YFLocalGroupConfig.h */ = {isa = PBXFileReference; lastKnownFileType = sourcecode.c.h; path = YFLocalGroupConfig.h; sourceTree = "<group>"; };
		B8B7667021A92CFD000E6ABA /* YFLocalGroupConfig.m */ = {isa = PBXFileReference; lastKnownFileType = sourcecode.c.objc; path = YFLocalGroupConfig.m; sourceTree = "<group>"; };
		B8B7667221A92D0D000E6ABA /* YFLocalGroupHelper.h */ = {isa = PBXFileReference; lastKnownFileType = sourcecode.c.h; path = YFLocalGroupHelper.h; sourceTree = "<group>"; };
		B8B7667321A92D0D000E6ABA /* YFLocalGroupHelper.m */ = {isa = PBXFileReference; lastKnownFileType = sourcecode.c.objc; path = YFLocalGroupHelper.m; sourceTree = "<group>"; };
		B8B7667721A947E4000E6ABA /* YFLocalGroup2Config.h */ = {isa = PBXFileReference; lastKnownFileType = sourcecode.c.h; path = YFLocalGroup2Config.h; sourceTree = "<group>"; };
		B8B7667821A947E4000E6ABA /* YFLocalGroup2Config.m */ = {isa = PBXFileReference; lastKnownFileType = sourcecode.c.objc; path = YFLocalGroup2Config.m; sourceTree = "<group>"; };
		B8B7667A21A947F0000E6ABA /* YFLocalGroup2Helper.h */ = {isa = PBXFileReference; lastKnownFileType = sourcecode.c.h; path = YFLocalGroup2Helper.h; sourceTree = "<group>"; };
		B8B7667B21A947F0000E6ABA /* YFLocalGroup2Helper.m */ = {isa = PBXFileReference; lastKnownFileType = sourcecode.c.objc; path = YFLocalGroup2Helper.m; sourceTree = "<group>"; };
		B8B7667D21A94F58000E6ABA /* pathNmoduleMap.plist */ = {isa = PBXFileReference; lastKnownFileType = text.plist.xml; path = pathNmoduleMap.plist; sourceTree = "<group>"; };
		B8B7667F21A9981D000E6ABA /* YFLocalCSVConvetConfig.h */ = {isa = PBXFileReference; lastKnownFileType = sourcecode.c.h; path = YFLocalCSVConvetConfig.h; sourceTree = "<group>"; };
		B8B7668021A9981D000E6ABA /* YFLocalCSVConvetConfig.m */ = {isa = PBXFileReference; lastKnownFileType = sourcecode.c.objc; path = YFLocalCSVConvetConfig.m; sourceTree = "<group>"; };
		B8B7668221A9982D000E6ABA /* YFLocalCSVConvertHelper.h */ = {isa = PBXFileReference; lastKnownFileType = sourcecode.c.h; path = YFLocalCSVConvertHelper.h; sourceTree = "<group>"; };
		B8B7668321A9982D000E6ABA /* YFLocalCSVConvertHelper.m */ = {isa = PBXFileReference; lastKnownFileType = sourcecode.c.objc; path = YFLocalCSVConvertHelper.m; sourceTree = "<group>"; };
		E57502938B854DD711E7B64C /* Pods-LocalizableStringGen.debug.xcconfig */ = {isa = PBXFileReference; includeInIndex = 1; lastKnownFileType = text.xcconfig; name = "Pods-LocalizableStringGen.debug.xcconfig"; path = "Pods/Target Support Files/Pods-LocalizableStringGen/Pods-LocalizableStringGen.debug.xcconfig"; sourceTree = "<group>"; };
		F50041756B98D1F6E0AF472B /* Pods-LocalizableStringGen.release.xcconfig */ = {isa = PBXFileReference; includeInIndex = 1; lastKnownFileType = text.xcconfig; name = "Pods-LocalizableStringGen.release.xcconfig"; path = "Pods/Target Support Files/Pods-LocalizableStringGen/Pods-LocalizableStringGen.release.xcconfig"; sourceTree = "<group>"; };
/* End PBXFileReference section */

/* Begin PBXFrameworksBuildPhase section */
		B8B7663F21A7A44E000E6ABA /* Frameworks */ = {
			isa = PBXFrameworksBuildPhase;
			buildActionMask = 2147483647;
			files = (
				8E78AD8475A81949762F042E /* Pods_LocalizableStringGen.framework in Frameworks */,
			);
			runOnlyForDeploymentPostprocessing = 0;
		};
/* End PBXFrameworksBuildPhase section */

/* Begin PBXGroup section */
		25F9D064BCC5ECD0FA09BEED /* Pods */ = {
			isa = PBXGroup;
			children = (
				E57502938B854DD711E7B64C /* Pods-LocalizableStringGen.debug.xcconfig */,
				F50041756B98D1F6E0AF472B /* Pods-LocalizableStringGen.release.xcconfig */,
			);
			name = Pods;
			sourceTree = "<group>";
		};
		3A4823D605E29902A453FC1D /* Frameworks */ = {
			isa = PBXGroup;
			children = (
				AF9B17955390079A7CA85F77 /* Pods_LocalizableStringGen.framework */,
			);
			name = Frameworks;
			sourceTree = "<group>";
		};
		A59DDD4C21AA4196005F1EAF /* csv */ = {
			isa = PBXGroup;
			children = (
				B8B7667F21A9981D000E6ABA /* YFLocalCSVConvetConfig.h */,
				B8B7668021A9981D000E6ABA /* YFLocalCSVConvetConfig.m */,
				B8B7668221A9982D000E6ABA /* YFLocalCSVConvertHelper.h */,
				B8B7668321A9982D000E6ABA /* YFLocalCSVConvertHelper.m */,
			);
			path = csv;
			sourceTree = "<group>";
		};
		A59DDD4D21AA419D005F1EAF /* tsv */ = {
			isa = PBXGroup;
			children = (
				A59DDD4E21AA41FF005F1EAF /* YFLovslTSVConvertConfig.h */,
				A59DDD4F21AA41FF005F1EAF /* YFLovslTSVConvertConfig.m */,
				A59DDD5121AA420F005F1EAF /* YFLocalTSVConvertHelper.h */,
				A59DDD5221AA420F005F1EAF /* YFLocalTSVConvertHelper.m */,
			);
			path = tsv;
			sourceTree = "<group>";
		};
		B8B7663921A7A44E000E6ABA = {
			isa = PBXGroup;
			children = (
				B8B7664421A7A44E000E6ABA /* LocalizableStringGen */,
				B8B7664321A7A44E000E6ABA /* Products */,
				25F9D064BCC5ECD0FA09BEED /* Pods */,
				3A4823D605E29902A453FC1D /* Frameworks */,
			);
			sourceTree = "<group>";
		};
		B8B7664321A7A44E000E6ABA /* Products */ = {
			isa = PBXGroup;
			children = (
				B8B7664221A7A44E000E6ABA /* LocalizableStringGen.app */,
			);
			name = Products;
			sourceTree = "<group>";
		};
		B8B7664421A7A44E000E6ABA /* LocalizableStringGen */ = {
			isa = PBXGroup;
			children = (
				B8B7665D21A7A59F000E6ABA /* utils */,
				B8B7665C21A7A59A000E6ABA /* info */,
				B8B7665B21A7A590000E6ABA /* main */,
				B8B7664821A7A44E000E6ABA /* ViewController.h */,
				B8B7664921A7A44E000E6ABA /* ViewController.m */,
				B8B7666B21A92842000E6ABA /* modules */,
			);
			path = LocalizableStringGen;
			sourceTree = "<group>";
		};
		B8B7665B21A7A590000E6ABA /* main */ = {
			isa = PBXGroup;
			children = (
			);
			path = main;
			sourceTree = "<group>";
		};
		B8B7665C21A7A59A000E6ABA /* info */ = {
			isa = PBXGroup;
			children = (
				B8B7664521A7A44E000E6ABA /* AppDelegate.h */,
				B8B7664621A7A44E000E6ABA /* AppDelegate.m */,
				B8B7664B21A7A44E000E6ABA /* Main.storyboard */,
				B8B7664E21A7A44F000E6ABA /* Assets.xcassets */,
				B8B7665021A7A44F000E6ABA /* LaunchScreen.storyboard */,
				B8B7665321A7A44F000E6ABA /* Info.plist */,
				B8B7665421A7A44F000E6ABA /* main.m */,
			);
			path = info;
			sourceTree = "<group>";
		};
		B8B7665D21A7A59F000E6ABA /* utils */ = {
			isa = PBXGroup;
			children = (
				B8B7666921A82509000E6ABA /* YFUtil.h */,
				B8B7666821A82509000E6ABA /* YFUtil.m */,
				B8B7666421A7A7A5000E6ABA /* PrefixHeader.pch */,
				B8B7665E21A7A614000E6ABA /* YFLocalizeUtil.h */,
				B8B7665F21A7A614000E6ABA /* YFLocalizeUtil.m */,
			);
			path = utils;
			sourceTree = "<group>";
		};
		B8B7666B21A92842000E6ABA /* modules */ = {
			isa = PBXGroup;
			children = (
				B8B7666E21A9286D000E6ABA /* group */,
				B8B7666D21A9286B000E6ABA /* substitute */,
				B8B7666C21A92865000E6ABA /* gen */,
			);
			path = modules;
			sourceTree = "<group>";
		};
		B8B7666C21A92865000E6ABA /* gen */ = {
			isa = PBXGroup;
			children = (
				B8B7666121A7A622000E6ABA /* YFLocalizeConfig.h */,
				B8B7666221A7A622000E6ABA /* YFLocalizeConfig.m */,
				B8B7666521A7F701000E6ABA /* YFLocalizedHelper.h */,
				B8B7666621A7F701000E6ABA /* YFLocalizedHelper.m */,
			);
			path = gen;
			sourceTree = "<group>";
		};
		B8B7666D21A9286B000E6ABA /* substitute */ = {
			isa = PBXGroup;
			children = (
				A59DDD4D21AA419D005F1EAF /* tsv */,
				A59DDD4C21AA4196005F1EAF /* csv */,
			);
			path = substitute;
			sourceTree = "<group>";
		};
		B8B7666E21A9286D000E6ABA /* group */ = {
			isa = PBXGroup;
			children = (
				B8B7667621A94780000E6ABA /* module */,
				B8B7667521A94771000E6ABA /* tsv */,
			);
			path = group;
			sourceTree = "<group>";
		};
		B8B7667521A94771000E6ABA /* tsv */ = {
			isa = PBXGroup;
			children = (
				B8B7666F21A92CFD000E6ABA /* YFLocalGroupConfig.h */,
				B8B7667021A92CFD000E6ABA /* YFLocalGroupConfig.m */,
				B8B7667221A92D0D000E6ABA /* YFLocalGroupHelper.h */,
				B8B7667321A92D0D000E6ABA /* YFLocalGroupHelper.m */,
			);
			path = tsv;
			sourceTree = "<group>";
		};
		B8B7667621A94780000E6ABA /* module */ = {
			isa = PBXGroup;
			children = (
				B8B7667721A947E4000E6ABA /* YFLocalGroup2Config.h */,
				B8B7667821A947E4000E6ABA /* YFLocalGroup2Config.m */,
				B8B7667A21A947F0000E6ABA /* YFLocalGroup2Helper.h */,
				B8B7667B21A947F0000E6ABA /* YFLocalGroup2Helper.m */,
				B8B7667D21A94F58000E6ABA /* pathNmoduleMap.plist */,
			);
			path = module;
			sourceTree = "<group>";
		};
/* End PBXGroup section */

/* Begin PBXNativeTarget section */
		B8B7664121A7A44E000E6ABA /* LocalizableStringGen */ = {
			isa = PBXNativeTarget;
			buildConfigurationList = B8B7665821A7A44F000E6ABA /* Build configuration list for PBXNativeTarget "LocalizableStringGen" */;
			buildPhases = (
				C4929F38D56264DD3553AEFE /* [CP] Check Pods Manifest.lock */,
				B8B7663E21A7A44E000E6ABA /* Sources */,
				B8B7663F21A7A44E000E6ABA /* Frameworks */,
				B8B7664021A7A44E000E6ABA /* Resources */,
				3E4BD8282813BC5F526B31CC /* [CP] Embed Pods Frameworks */,
			);
			buildRules = (
			);
			dependencies = (
			);
			name = LocalizableStringGen;
			productName = LocalizableStringGen;
			productReference = B8B7664221A7A44E000E6ABA /* LocalizableStringGen.app */;
			productType = "com.apple.product-type.application";
		};
/* End PBXNativeTarget section */

/* Begin PBXProject section */
		B8B7663A21A7A44E000E6ABA /* Project object */ = {
			isa = PBXProject;
			attributes = {
				LastUpgradeCheck = 1010;
				ORGANIZATIONNAME = yf;
				TargetAttributes = {
					B8B7664121A7A44E000E6ABA = {
						CreatedOnToolsVersion = 10.1;
					};
				};
			};
			buildConfigurationList = B8B7663D21A7A44E000E6ABA /* Build configuration list for PBXProject "LocalizableStringGen" */;
			compatibilityVersion = "Xcode 9.3";
			developmentRegion = en;
			hasScannedForEncodings = 0;
			knownRegions = (
				en,
				Base,
			);
			mainGroup = B8B7663921A7A44E000E6ABA;
			productRefGroup = B8B7664321A7A44E000E6ABA /* Products */;
			projectDirPath = "";
			projectRoot = "";
			targets = (
				B8B7664121A7A44E000E6ABA /* LocalizableStringGen */,
			);
		};
/* End PBXProject section */

/* Begin PBXResourcesBuildPhase section */
		B8B7664021A7A44E000E6ABA /* Resources */ = {
			isa = PBXResourcesBuildPhase;
			buildActionMask = 2147483647;
			files = (
				B8B7665221A7A44F000E6ABA /* LaunchScreen.storyboard in Resources */,
				B8B7667E21A94F58000E6ABA /* pathNmoduleMap.plist in Resources */,
				B8B7664F21A7A44F000E6ABA /* Assets.xcassets in Resources */,
				B8B7664D21A7A44E000E6ABA /* Main.storyboard in Resources */,
			);
			runOnlyForDeploymentPostprocessing = 0;
		};
/* End PBXResourcesBuildPhase section */

/* Begin PBXShellScriptBuildPhase section */
		3E4BD8282813BC5F526B31CC /* [CP] Embed Pods Frameworks */ = {
			isa = PBXShellScriptBuildPhase;
			buildActionMask = 2147483647;
			files = (
			);
			inputPaths = (
				"${SRCROOT}/Pods/Target Support Files/Pods-LocalizableStringGen/Pods-LocalizableStringGen-frameworks.sh",
				"${BUILT_PRODUCTS_DIR}/AFNetworking/AFNetworking.framework",
				"${BUILT_PRODUCTS_DIR}/IOS_OC_BASIC/IOS_OC_BASIC.framework",
				"${BUILT_PRODUCTS_DIR}/MJRefresh/MJRefresh.framework",
				"${BUILT_PRODUCTS_DIR}/Masonry/Masonry.framework",
				"${BUILT_PRODUCTS_DIR}/RealReachability/RealReachability.framework",
				"${BUILT_PRODUCTS_DIR}/SVProgressHUD/SVProgressHUD.framework",
			);
			name = "[CP] Embed Pods Frameworks";
			outputPaths = (
				"${TARGET_BUILD_DIR}/${FRAMEWORKS_FOLDER_PATH}/AFNetworking.framework",
				"${TARGET_BUILD_DIR}/${FRAMEWORKS_FOLDER_PATH}/IOS_OC_BASIC.framework",
				"${TARGET_BUILD_DIR}/${FRAMEWORKS_FOLDER_PATH}/MJRefresh.framework",
				"${TARGET_BUILD_DIR}/${FRAMEWORKS_FOLDER_PATH}/Masonry.framework",
				"${TARGET_BUILD_DIR}/${FRAMEWORKS_FOLDER_PATH}/RealReachability.framework",
				"${TARGET_BUILD_DIR}/${FRAMEWORKS_FOLDER_PATH}/SVProgressHUD.framework",
			);
			runOnlyForDeploymentPostprocessing = 0;
			shellPath = /bin/sh;
			shellScript = "\"${SRCROOT}/Pods/Target Support Files/Pods-LocalizableStringGen/Pods-LocalizableStringGen-frameworks.sh\"\n";
			showEnvVarsInLog = 0;
		};
		C4929F38D56264DD3553AEFE /* [CP] Check Pods Manifest.lock */ = {
			isa = PBXShellScriptBuildPhase;
			buildActionMask = 2147483647;
			files = (
			);
			inputPaths = (
				"${PODS_PODFILE_DIR_PATH}/Podfile.lock",
				"${PODS_ROOT}/Manifest.lock",
			);
			name = "[CP] Check Pods Manifest.lock";
			outputPaths = (
				"$(DERIVED_FILE_DIR)/Pods-LocalizableStringGen-checkManifestLockResult.txt",
			);
			runOnlyForDeploymentPostprocessing = 0;
			shellPath = /bin/sh;
			shellScript = "diff \"${PODS_PODFILE_DIR_PATH}/Podfile.lock\" \"${PODS_ROOT}/Manifest.lock\" > /dev/null\nif [ $? != 0 ] ; then\n    # print error to STDERR\n    echo \"error: The sandbox is not in sync with the Podfile.lock. Run 'pod install' or update your CocoaPods installation.\" >&2\n    exit 1\nfi\n# This output is used by Xcode 'outputs' to avoid re-running this script phase.\necho \"SUCCESS\" > \"${SCRIPT_OUTPUT_FILE_0}\"\n";
			showEnvVarsInLog = 0;
		};
/* End PBXShellScriptBuildPhase section */

/* Begin PBXSourcesBuildPhase section */
		B8B7663E21A7A44E000E6ABA /* Sources */ = {
			isa = PBXSourcesBuildPhase;
			buildActionMask = 2147483647;
			files = (
				B8B7664A21A7A44E000E6ABA /* ViewController.m in Sources */,
				B8B7667921A947E4000E6ABA /* YFLocalGroup2Config.m in Sources */,
				A59DDD5321AA420F005F1EAF /* YFLocalTSVConvertHelper.m in Sources */,
				B8B7665521A7A44F000E6ABA /* main.m in Sources */,
				A59DDD5021AA41FF005F1EAF /* YFLovslTSVConvertConfig.m in Sources */,
				B8B7666721A7F701000E6ABA /* YFLocalizedHelper.m in Sources */,
				B8B7667421A92D0D000E6ABA /* YFLocalGroupHelper.m in Sources */,
				B8B7666321A7A622000E6ABA /* YFLocalizeConfig.m in Sources */,
				B8B7668421A9982D000E6ABA /* YFLocalCSVConvertHelper.m in Sources */,
				B8B7667C21A947F0000E6ABA /* YFLocalGroup2Helper.m in Sources */,
				B8B7667121A92CFD000E6ABA /* YFLocalGroupConfig.m in Sources */,
				B8B7666A21A82509000E6ABA /* YFUtil.m in Sources */,
				B8B7664721A7A44E000E6ABA /* AppDelegate.m in Sources */,
				B8B7668121A9981D000E6ABA /* YFLocalCSVConvetConfig.m in Sources */,
				B8B7666021A7A614000E6ABA /* YFLocalizeUtil.m in Sources */,
			);
			runOnlyForDeploymentPostprocessing = 0;
		};
/* End PBXSourcesBuildPhase section */

/* Begin PBXVariantGroup section */
		B8B7664B21A7A44E000E6ABA /* Main.storyboard */ = {
			isa = PBXVariantGroup;
			children = (
				B8B7664C21A7A44E000E6ABA /* Base */,
			);
			name = Main.storyboard;
			sourceTree = "<group>";
		};
		B8B7665021A7A44F000E6ABA /* LaunchScreen.storyboard */ = {
			isa = PBXVariantGroup;
			children = (
				B8B7665121A7A44F000E6ABA /* Base */,
			);
			name = LaunchScreen.storyboard;
			sourceTree = "<group>";
		};
/* End PBXVariantGroup section */

/* Begin XCBuildConfiguration section */
		B8B7665621A7A44F000E6ABA /* Debug */ = {
			isa = XCBuildConfiguration;
			buildSettings = {
				ALWAYS_SEARCH_USER_PATHS = NO;
				CLANG_ANALYZER_NONNULL = YES;
				CLANG_ANALYZER_NUMBER_OBJECT_CONVERSION = YES_AGGRESSIVE;
				CLANG_CXX_LANGUAGE_STANDARD = "gnu++14";
				CLANG_CXX_LIBRARY = "libc++";
				CLANG_ENABLE_MODULES = YES;
				CLANG_ENABLE_OBJC_ARC = YES;
				CLANG_ENABLE_OBJC_WEAK = YES;
				CLANG_WARN_BLOCK_CAPTURE_AUTORELEASING = YES;
				CLANG_WARN_BOOL_CONVERSION = YES;
				CLANG_WARN_COMMA = YES;
				CLANG_WARN_CONSTANT_CONVERSION = YES;
				CLANG_WARN_DEPRECATED_OBJC_IMPLEMENTATIONS = YES;
				CLANG_WARN_DIRECT_OBJC_ISA_USAGE = YES_ERROR;
				CLANG_WARN_DOCUMENTATION_COMMENTS = YES;
				CLANG_WARN_EMPTY_BODY = YES;
				CLANG_WARN_ENUM_CONVERSION = YES;
				CLANG_WARN_INFINITE_RECURSION = YES;
				CLANG_WARN_INT_CONVERSION = YES;
				CLANG_WARN_NON_LITERAL_NULL_CONVERSION = YES;
				CLANG_WARN_OBJC_IMPLICIT_RETAIN_SELF = YES;
				CLANG_WARN_OBJC_LITERAL_CONVERSION = YES;
				CLANG_WARN_OBJC_ROOT_CLASS = YES_ERROR;
				CLANG_WARN_RANGE_LOOP_ANALYSIS = YES;
				CLANG_WARN_STRICT_PROTOTYPES = YES;
				CLANG_WARN_SUSPICIOUS_MOVE = YES;
				CLANG_WARN_UNGUARDED_AVAILABILITY = YES_AGGRESSIVE;
				CLANG_WARN_UNREACHABLE_CODE = YES;
				CLANG_WARN__DUPLICATE_METHOD_MATCH = YES;
				CODE_SIGN_IDENTITY = "iPhone Developer";
				COPY_PHASE_STRIP = NO;
				DEBUG_INFORMATION_FORMAT = dwarf;
				ENABLE_STRICT_OBJC_MSGSEND = YES;
				ENABLE_TESTABILITY = YES;
				GCC_C_LANGUAGE_STANDARD = gnu11;
				GCC_DYNAMIC_NO_PIC = NO;
				GCC_NO_COMMON_BLOCKS = YES;
				GCC_OPTIMIZATION_LEVEL = 0;
				GCC_PREPROCESSOR_DEFINITIONS = (
					"DEBUG=1",
					"$(inherited)",
				);
				GCC_WARN_64_TO_32_BIT_CONVERSION = YES;
				GCC_WARN_ABOUT_RETURN_TYPE = YES_ERROR;
				GCC_WARN_UNDECLARED_SELECTOR = YES;
				GCC_WARN_UNINITIALIZED_AUTOS = YES_AGGRESSIVE;
				GCC_WARN_UNUSED_FUNCTION = YES;
				GCC_WARN_UNUSED_VARIABLE = YES;
				IPHONEOS_DEPLOYMENT_TARGET = 12.1;
				MTL_ENABLE_DEBUG_INFO = INCLUDE_SOURCE;
				MTL_FAST_MATH = YES;
				ONLY_ACTIVE_ARCH = YES;
				SDKROOT = iphoneos;
			};
			name = Debug;
		};
		B8B7665721A7A44F000E6ABA /* Release */ = {
			isa = XCBuildConfiguration;
			buildSettings = {
				ALWAYS_SEARCH_USER_PATHS = NO;
				CLANG_ANALYZER_NONNULL = YES;
				CLANG_ANALYZER_NUMBER_OBJECT_CONVERSION = YES_AGGRESSIVE;
				CLANG_CXX_LANGUAGE_STANDARD = "gnu++14";
				CLANG_CXX_LIBRARY = "libc++";
				CLANG_ENABLE_MODULES = YES;
				CLANG_ENABLE_OBJC_ARC = YES;
				CLANG_ENABLE_OBJC_WEAK = YES;
				CLANG_WARN_BLOCK_CAPTURE_AUTORELEASING = YES;
				CLANG_WARN_BOOL_CONVERSION = YES;
				CLANG_WARN_COMMA = YES;
				CLANG_WARN_CONSTANT_CONVERSION = YES;
				CLANG_WARN_DEPRECATED_OBJC_IMPLEMENTATIONS = YES;
				CLANG_WARN_DIRECT_OBJC_ISA_USAGE = YES_ERROR;
				CLANG_WARN_DOCUMENTATION_COMMENTS = YES;
				CLANG_WARN_EMPTY_BODY = YES;
				CLANG_WARN_ENUM_CONVERSION = YES;
				CLANG_WARN_INFINITE_RECURSION = YES;
				CLANG_WARN_INT_CONVERSION = YES;
				CLANG_WARN_NON_LITERAL_NULL_CONVERSION = YES;
				CLANG_WARN_OBJC_IMPLICIT_RETAIN_SELF = YES;
				CLANG_WARN_OBJC_LITERAL_CONVERSION = YES;
				CLANG_WARN_OBJC_ROOT_CLASS = YES_ERROR;
				CLANG_WARN_RANGE_LOOP_ANALYSIS = YES;
				CLANG_WARN_STRICT_PROTOTYPES = YES;
				CLANG_WARN_SUSPICIOUS_MOVE = YES;
				CLANG_WARN_UNGUARDED_AVAILABILITY = YES_AGGRESSIVE;
				CLANG_WARN_UNREACHABLE_CODE = YES;
				CLANG_WARN__DUPLICATE_METHOD_MATCH = YES;
				CODE_SIGN_IDENTITY = "iPhone Developer";
				COPY_PHASE_STRIP = NO;
				DEBUG_INFORMATION_FORMAT = "dwarf-with-dsym";
				ENABLE_NS_ASSERTIONS = NO;
				ENABLE_STRICT_OBJC_MSGSEND = YES;
				GCC_C_LANGUAGE_STANDARD = gnu11;
				GCC_NO_COMMON_BLOCKS = YES;
				GCC_WARN_64_TO_32_BIT_CONVERSION = YES;
				GCC_WARN_ABOUT_RETURN_TYPE = YES_ERROR;
				GCC_WARN_UNDECLARED_SELECTOR = YES;
				GCC_WARN_UNINITIALIZED_AUTOS = YES_AGGRESSIVE;
				GCC_WARN_UNUSED_FUNCTION = YES;
				GCC_WARN_UNUSED_VARIABLE = YES;
				IPHONEOS_DEPLOYMENT_TARGET = 12.1;
				MTL_ENABLE_DEBUG_INFO = NO;
				MTL_FAST_MATH = YES;
				SDKROOT = iphoneos;
				VALIDATE_PRODUCT = YES;
			};
			name = Release;
		};
		B8B7665921A7A44F000E6ABA /* Debug */ = {
			isa = XCBuildConfiguration;
			baseConfigurationReference = E57502938B854DD711E7B64C /* Pods-LocalizableStringGen.debug.xcconfig */;
			buildSettings = {
				ASSETCATALOG_COMPILER_APPICON_NAME = AppIcon;
				CODE_SIGN_STYLE = Automatic;
				DEVELOPMENT_TEAM = 6U96F6BXWV;
				GCC_PREFIX_HEADER = "$(SRCROOT)/LocalizableStringGen/utils/PrefixHeader.pch";
				INFOPLIST_FILE = "$(SRCROOT)/LocalizableStringGen/info/Info.plist";
				LD_RUNPATH_SEARCH_PATHS = (
					"$(inherited)",
					"@executable_path/Frameworks",
				);
				PRODUCT_BUNDLE_IDENTIFIER = com.yf.LocalizableStringGen;
				PRODUCT_NAME = "$(TARGET_NAME)";
				TARGETED_DEVICE_FAMILY = "1,2";
			};
			name = Debug;
		};
		B8B7665A21A7A44F000E6ABA /* Release */ = {
			isa = XCBuildConfiguration;
			baseConfigurationReference = F50041756B98D1F6E0AF472B /* Pods-LocalizableStringGen.release.xcconfig */;
			buildSettings = {
				ASSETCATALOG_COMPILER_APPICON_NAME = AppIcon;
				CODE_SIGN_STYLE = Automatic;
				DEVELOPMENT_TEAM = 6U96F6BXWV;
				GCC_PREFIX_HEADER = "$(SRCROOT)/LocalizableStringGen/utils/PrefixHeader.pch";
				INFOPLIST_FILE = "$(SRCROOT)/LocalizableStringGen/info/Info.plist";
				LD_RUNPATH_SEARCH_PATHS = (
					"$(inherited)",
					"@executable_path/Frameworks",
				);
				PRODUCT_BUNDLE_IDENTIFIER = com.yf.LocalizableStringGen;
				PRODUCT_NAME = "$(TARGET_NAME)";
				TARGETED_DEVICE_FAMILY = "1,2";
			};
			name = Release;
		};
/* End XCBuildConfiguration section */

/* Begin XCConfigurationList section */
		B8B7663D21A7A44E000E6ABA /* Build configuration list for PBXProject "LocalizableStringGen" */ = {
			isa = XCConfigurationList;
			buildConfigurations = (
				B8B7665621A7A44F000E6ABA /* Debug */,
				B8B7665721A7A44F000E6ABA /* Release */,
			);
			defaultConfigurationIsVisible = 0;
			defaultConfigurationName = Release;
		};
		B8B7665821A7A44F000E6ABA /* Build configuration list for PBXNativeTarget "LocalizableStringGen" */ = {
			isa = XCConfigurationList;
			buildConfigurations = (
				B8B7665921A7A44F000E6ABA /* Debug */,
				B8B7665A21A7A44F000E6ABA /* Release */,
			);
			defaultConfigurationIsVisible = 0;
			defaultConfigurationName = Release;
		};
/* End XCConfigurationList section */
	};
	rootObject = B8B7663A21A7A44E000E6ABA /* Project object */;
}
